PODS:
  - Alamofire (3.4.1)
  - LCBannerView (2.0.0):
    - SDWebImage (~> 3.7.6)
  - SDWebImage (3.7.6):
    - SDWebImage/Core (= 3.7.6)
  - SDWebImage/Core (3.7.6)

DEPENDENCIES:
  - Alamofire (~> 3.4)
  - LCBannerView

SPEC CHECKSUMS:
  Alamofire: 01a82e2f6c0f860ade35534c8dd88be61bdef40c
  LCBannerView: 1366fc685dc3e23762dc1f39a525abbeef85ccf6
  SDWebImage: c325cf02c30337336b95beff20a13df489ec0ec9

PODFILE CHECKSUM: b4ee78394726bc27582f676333d2cfd48281af62

COCOAPODS: 1.0.0
